
Microsoft Visual Studio Solution File, Format Version 12.00
# Visual Studio Version 17
VisualStudioVersion = 17.10.34916.146
MinimumVisualStudioVersion = 10.0.40219.1
Project("{9A19103F-16F7-4668-BE54-9A1E7A4F7556}") = "VKIuygulaması", "WinFormsIzmirEkim2024\VKIuygulaması.csproj", "{60D708FB-E9E3-4924-B149-E5E2C7A57910}"
EndProject
Project("{9A19103F-16F7-4668-BE54-9A1E7A4F7556}") = "ilkuygulama", "VKIApplication\ilkuygulama.csproj", "{DBA734FA-6A0B-43BB-A86F-093D6CA474FA}"
EndProject
Project("{9A19103F-16F7-4668-BE54-9A1E7A4F7556}") = "PersonelBilgiFormu", "PersonelBilgiFormu\PersonelBilgiFormu.csproj", "{6A3A7EC9-4E0D-47F4-A862-A7F2B4872B88}"
EndProject
Project("{FAE04EC0-301F-11D3-BF4B-00C04F79EFBC}") = "BlackJack", "BlackJack\BlackJack.csproj", "{6705D257-5C50-4621-A0EA-64ABCD6F117A}"
EndProject
Project("{9A19103F-16F7-4668-BE54-9A1E7A4F7556}") = "ControlToolExercise", "ControlToolExercise\ControlToolExercise.csproj", "{4EED961E-F90F-4F12-9ADB-92E27BD81E67}"
EndProject
Project("{9A19103F-16F7-4668-BE54-9A1E7A4F7556}") = "VectorApp", "VectorApp\VectorApp.csproj", "{30A35DF5-42E0-47FE-86B5-2A9C96B5E82C}"
EndProject
Project("{FAE04EC0-301F-11D3-BF4B-00C04F79EFBC}") = "BtkCourseManagement", "BtkVeriTabanı\BtkCourseManagement.csproj", "{F08C0BAF-6ED7-4211-92C3-B802A24FE027}"
EndProject
Global
	GlobalSection(SolutionConfigurationPlatforms) = preSolution
		Debug|Any CPU = Debug|Any CPU
		Release|Any CPU = Release|Any CPU
	EndGlobalSection
	GlobalSection(ProjectConfigurationPlatforms) = postSolution
		{60D708FB-E9E3-4924-B149-E5E2C7A57910}.Debug|Any CPU.ActiveCfg = Debug|Any CPU
		{60D708FB-E9E3-4924-B149-E5E2C7A57910}.Debug|Any CPU.Build.0 = Debug|Any CPU
		{60D708FB-E9E3-4924-B149-E5E2C7A57910}.Release|Any CPU.ActiveCfg = Release|Any CPU
		{60D708FB-E9E3-4924-B149-E5E2C7A57910}.Release|Any CPU.Build.0 = Release|Any CPU
		{DBA734FA-6A0B-43BB-A86F-093D6CA474FA}.Debug|Any CPU.ActiveCfg = Debug|Any CPU
		{DBA734FA-6A0B-43BB-A86F-093D6CA474FA}.Debug|Any CPU.Build.0 = Debug|Any CPU
		{DBA734FA-6A0B-43BB-A86F-093D6CA474FA}.Release|Any CPU.ActiveCfg = Release|Any CPU
		{DBA734FA-6A0B-43BB-A86F-093D6CA474FA}.Release|Any CPU.Build.0 = Release|Any CPU
		{6A3A7EC9-4E0D-47F4-A862-A7F2B4872B88}.Debug|Any CPU.ActiveCfg = Debug|Any CPU
		{6A3A7EC9-4E0D-47F4-A862-A7F2B4872B88}.Debug|Any CPU.Build.0 = Debug|Any CPU
		{6A3A7EC9-4E0D-47F4-A862-A7F2B4872B88}.Release|Any CPU.ActiveCfg = Release|Any CPU
		{6A3A7EC9-4E0D-47F4-A862-A7F2B4872B88}.Release|Any CPU.Build.0 = Release|Any CPU
		{6705D257-5C50-4621-A0EA-64ABCD6F117A}.Debug|Any CPU.ActiveCfg = Debug|Any CPU
		{6705D257-5C50-4621-A0EA-64ABCD6F117A}.Debug|Any CPU.Build.0 = Debug|Any CPU
		{6705D257-5C50-4621-A0EA-64ABCD6F117A}.Release|Any CPU.ActiveCfg = Release|Any CPU
		{6705D257-5C50-4621-A0EA-64ABCD6F117A}.Release|Any CPU.Build.0 = Release|Any CPU
		{4EED961E-F90F-4F12-9ADB-92E27BD81E67}.Debug|Any CPU.ActiveCfg = Debug|Any CPU
		{4EED961E-F90F-4F12-9ADB-92E27BD81E67}.Debug|Any CPU.Build.0 = Debug|Any CPU
		{4EED961E-F90F-4F12-9ADB-92E27BD81E67}.Release|Any CPU.ActiveCfg = Release|Any CPU
		{4EED961E-F90F-4F12-9ADB-92E27BD81E67}.Release|Any CPU.Build.0 = Release|Any CPU
		{30A35DF5-42E0-47FE-86B5-2A9C96B5E82C}.Debug|Any CPU.ActiveCfg = Debug|Any CPU
		{30A35DF5-42E0-47FE-86B5-2A9C96B5E82C}.Debug|Any CPU.Build.0 = Debug|Any CPU
		{30A35DF5-42E0-47FE-86B5-2A9C96B5E82C}.Release|Any CPU.ActiveCfg = Release|Any CPU
		{30A35DF5-42E0-47FE-86B5-2A9C96B5E82C}.Release|Any CPU.Build.0 = Release|Any CPU
		{F08C0BAF-6ED7-4211-92C3-B802A24FE027}.Debug|Any CPU.ActiveCfg = Debug|Any CPU
		{F08C0BAF-6ED7-4211-92C3-B802A24FE027}.Debug|Any CPU.Build.0 = Debug|Any CPU
		{F08C0BAF-6ED7-4211-92C3-B802A24FE027}.Release|Any CPU.ActiveCfg = Release|Any CPU
		{F08C0BAF-6ED7-4211-92C3-B802A24FE027}.Release|Any CPU.Build.0 = Release|Any CPU
	EndGlobalSection
	GlobalSection(SolutionProperties) = preSolution
		HideSolutionNode = FALSE
	EndGlobalSection
	GlobalSection(ExtensibilityGlobals) = postSolution
		SolutionGuid = {BC718F92-FFB5-45FC-96CE-1B11532A1569}
	EndGlobalSection
EndGlobal
